// !$*UTF8*$!
{
	archiveVersion = 1;
	classes = {
	};
	objectVersion = 46;
	objects = {

/* Begin PBXBuildFile section */
		AE5158061EB3BB2C00EC523E /* ArrayTests.json in Resources */ = {isa = PBXBuildFile; fileRef = AE5157F01EB3BB2C00EC523E /* ArrayTests.json */; };
		AE5158071EB3BB2C00EC523E /* BoolTests.json in Resources */ = {isa = PBXBuildFile; fileRef = AE5157F11EB3BB2C00EC523E /* BoolTests.json */; };
		AE5158081EB3BB2C00EC523E /* CharacterTests.json in Resources */ = {isa = PBXBuildFile; fileRef = AE5157F21EB3BB2C00EC523E /* CharacterTests.json */; };
		AE5158091EB3BB2C00EC523E /* DateTests.json in Resources */ = {isa = PBXBuildFile; fileRef = AE5157F31EB3BB2C00EC523E /* DateTests.json */; };
		AE51580A1EB3BB2C00EC523E /* DictionaryTests.json in Resources */ = {isa = PBXBuildFile; fileRef = AE5157F41EB3BB2C00EC523E /* DictionaryTests.json */; };
		AE51580B1EB3BB2C00EC523E /* DoubleTests.json in Resources */ = {isa = PBXBuildFile; fileRef = AE5157F51EB3BB2C00EC523E /* DoubleTests.json */; };
		AE51580C1EB3BB2C00EC523E /* EnumTests.json in Resources */ = {isa = PBXBuildFile; fileRef = AE5157F61EB3BB2C00EC523E /* EnumTests.json */; };
		AE51580D1EB3BB2C00EC523E /* FloatTests.json in Resources */ = {isa = PBXBuildFile; fileRef = AE5157F71EB3BB2C00EC523E /* FloatTests.json */; };
		AE51580E1EB3BB2C00EC523E /* Int16Tests.json in Resources */ = {isa = PBXBuildFile; fileRef = AE5157F81EB3BB2C00EC523E /* Int16Tests.json */; };
		AE51580F1EB3BB2C00EC523E /* Int32Tests.json in Resources */ = {isa = PBXBuildFile; fileRef = AE5157F91EB3BB2C00EC523E /* Int32Tests.json */; };
		AE5158101EB3BB2C00EC523E /* Int64Tests.json in Resources */ = {isa = PBXBuildFile; fileRef = AE5157FA1EB3BB2C00EC523E /* Int64Tests.json */; };
		AE5158111EB3BB2C00EC523E /* Int8Tests.json in Resources */ = {isa = PBXBuildFile; fileRef = AE5157FB1EB3BB2C00EC523E /* Int8Tests.json */; };
		AE5158121EB3BB2C00EC523E /* IntTests.json in Resources */ = {isa = PBXBuildFile; fileRef = AE5157FC1EB3BB2C00EC523E /* IntTests.json */; };
		AE5158131EB3BB2C00EC523E /* ObjectTests.json in Resources */ = {isa = PBXBuildFile; fileRef = AE5157FD1EB3BB2C00EC523E /* ObjectTests.json */; };
		AE5158141EB3BB2C00EC523E /* SetTests.json in Resources */ = {isa = PBXBuildFile; fileRef = AE5157FE1EB3BB2C00EC523E /* SetTests.json */; };
		AE5158151EB3BB2C00EC523E /* StringTests.json in Resources */ = {isa = PBXBuildFile; fileRef = AE5157FF1EB3BB2C00EC523E /* StringTests.json */; };
		AE5158161EB3BB2C00EC523E /* UInt16Tests.json in Resources */ = {isa = PBXBuildFile; fileRef = AE5158001EB3BB2C00EC523E /* UInt16Tests.json */; };
		AE5158171EB3BB2C00EC523E /* UInt32Tests.json in Resources */ = {isa = PBXBuildFile; fileRef = AE5158011EB3BB2C00EC523E /* UInt32Tests.json */; };
		AE5158181EB3BB2C00EC523E /* UInt64Tests.json in Resources */ = {isa = PBXBuildFile; fileRef = AE5158021EB3BB2C00EC523E /* UInt64Tests.json */; };
		AE5158191EB3BB2C00EC523E /* UInt8Tests.json in Resources */ = {isa = PBXBuildFile; fileRef = AE5158031EB3BB2C00EC523E /* UInt8Tests.json */; };
		AE51581A1EB3BB2C00EC523E /* UIntTests.json in Resources */ = {isa = PBXBuildFile; fileRef = AE5158041EB3BB2C00EC523E /* UIntTests.json */; };
		AE51581B1EB3BB2C00EC523E /* URLTests.json in Resources */ = {isa = PBXBuildFile; fileRef = AE5158051EB3BB2C00EC523E /* URLTests.json */; };
		AE5158261EB3BB4700EC523E /* ArrayTests.swift in Sources */ = {isa = PBXBuildFile; fileRef = AE51581C1EB3BB4700EC523E /* ArrayTests.swift */; };
		AE5158271EB3BB4700EC523E /* BoolTests.swift in Sources */ = {isa = PBXBuildFile; fileRef = AE51581D1EB3BB4700EC523E /* BoolTests.swift */; };
		AE5158281EB3BB4700EC523E /* CharacterTests.swift in Sources */ = {isa = PBXBuildFile; fileRef = AE51581E1EB3BB4700EC523E /* CharacterTests.swift */; };
		AE5158291EB3BB4800EC523E /* DateTests.swift in Sources */ = {isa = PBXBuildFile; fileRef = AE51581F1EB3BB4700EC523E /* DateTests.swift */; };
		AE51582A1EB3BB4800EC523E /* DeserializableTests.swift in Sources */ = {isa = PBXBuildFile; fileRef = AE5158201EB3BB4700EC523E /* DeserializableTests.swift */; };
		AE51582B1EB3BB4800EC523E /* DeserializableWithContextTests.swift in Sources */ = {isa = PBXBuildFile; fileRef = AE5158211EB3BB4700EC523E /* DeserializableWithContextTests.swift */; };
		AE51582C1EB3BB4800EC523E /* DictionaryTests.swift in Sources */ = {isa = PBXBuildFile; fileRef = AE5158221EB3BB4700EC523E /* DictionaryTests.swift */; };
		AE51582D1EB3BB4800EC523E /* DoubleTests.swift in Sources */ = {isa = PBXBuildFile; fileRef = AE5158231EB3BB4700EC523E /* DoubleTests.swift */; };
		AE51582E1EB3BB4800EC523E /* EnumTests.swift in Sources */ = {isa = PBXBuildFile; fileRef = AE5158241EB3BB4700EC523E /* EnumTests.swift */; };
		AE51582F1EB3BB4800EC523E /* FloatTests.swift in Sources */ = {isa = PBXBuildFile; fileRef = AE5158251EB3BB4700EC523E /* FloatTests.swift */; };
		AE5158361EB3BB5300EC523E /* Int8Tests.swift in Sources */ = {isa = PBXBuildFile; fileRef = AE5158301EB3BB5300EC523E /* Int8Tests.swift */; };
		AE5158371EB3BB5300EC523E /* Int16Tests.swift in Sources */ = {isa = PBXBuildFile; fileRef = AE5158311EB3BB5300EC523E /* Int16Tests.swift */; };
		AE5158381EB3BB5300EC523E /* Int32Tests.swift in Sources */ = {isa = PBXBuildFile; fileRef = AE5158321EB3BB5300EC523E /* Int32Tests.swift */; };
		AE5158391EB3BB5300EC523E /* Int64Tests.swift in Sources */ = {isa = PBXBuildFile; fileRef = AE5158331EB3BB5300EC523E /* Int64Tests.swift */; };
		AE51583A1EB3BB5300EC523E /* IntTests.swift in Sources */ = {isa = PBXBuildFile; fileRef = AE5158341EB3BB5300EC523E /* IntTests.swift */; };
		AE51583B1EB3BB5300EC523E /* OutlawTestCase.swift in Sources */ = {isa = PBXBuildFile; fileRef = AE5158351EB3BB5300EC523E /* OutlawTestCase.swift */; };
		AE51584A1EB3BB5C00EC523E /* SerializableTests.swift in Sources */ = {isa = PBXBuildFile; fileRef = AE51583C1EB3BB5C00EC523E /* SerializableTests.swift */; };
		AE51584B1EB3BB5C00EC523E /* SerializableWithContextTests.swift in Sources */ = {isa = PBXBuildFile; fileRef = AE51583D1EB3BB5C00EC523E /* SerializableWithContextTests.swift */; };
		AE51584C1EB3BB5C00EC523E /* SetTests.swift in Sources */ = {isa = PBXBuildFile; fileRef = AE51583E1EB3BB5C00EC523E /* SetTests.swift */; };
		AE51584D1EB3BB5C00EC523E /* StringTests.swift in Sources */ = {isa = PBXBuildFile; fileRef = AE51583F1EB3BB5C00EC523E /* StringTests.swift */; };
		AE51584E1EB3BB5C00EC523E /* TypesForTests.swift in Sources */ = {isa = PBXBuildFile; fileRef = AE5158401EB3BB5C00EC523E /* TypesForTests.swift */; };
		AE51584F1EB3BB5C00EC523E /* UInt8Tests.swift in Sources */ = {isa = PBXBuildFile; fileRef = AE5158411EB3BB5C00EC523E /* UInt8Tests.swift */; };
		AE5158501EB3BB5C00EC523E /* UInt16Tests.swift in Sources */ = {isa = PBXBuildFile; fileRef = AE5158421EB3BB5C00EC523E /* UInt16Tests.swift */; };
		AE5158511EB3BB5C00EC523E /* UInt32Tests.swift in Sources */ = {isa = PBXBuildFile; fileRef = AE5158431EB3BB5C00EC523E /* UInt32Tests.swift */; };
		AE5158521EB3BB5C00EC523E /* UInt64Tests.swift in Sources */ = {isa = PBXBuildFile; fileRef = AE5158441EB3BB5C00EC523E /* UInt64Tests.swift */; };
		AE5158531EB3BB5C00EC523E /* UIntTests.swift in Sources */ = {isa = PBXBuildFile; fileRef = AE5158451EB3BB5C00EC523E /* UIntTests.swift */; };
		AE5158541EB3BB5C00EC523E /* UpdatableTests.swift in Sources */ = {isa = PBXBuildFile; fileRef = AE5158461EB3BB5C00EC523E /* UpdatableTests.swift */; };
		AE5158551EB3BB5C00EC523E /* UpdatableWithContextTests.swift in Sources */ = {isa = PBXBuildFile; fileRef = AE5158471EB3BB5C00EC523E /* UpdatableWithContextTests.swift */; };
		AE5158561EB3BB5C00EC523E /* URLTests.swift in Sources */ = {isa = PBXBuildFile; fileRef = AE5158481EB3BB5C00EC523E /* URLTests.swift */; };
		AE5158571EB3BB5C00EC523E /* ValueWithContextTests.swift in Sources */ = {isa = PBXBuildFile; fileRef = AE5158491EB3BB5C00EC523E /* ValueWithContextTests.swift */; };
		AE51585B1EB3CDA700EC523E /* Dictionary+map.swift in Sources */ = {isa = PBXBuildFile; fileRef = AE51585A1EB3CDA700EC523E /* Dictionary+map.swift */; };
		AE51585E1EB3CDDA00EC523E /* OutlawError.swift in Sources */ = {isa = PBXBuildFile; fileRef = AE51585D1EB3CDDA00EC523E /* OutlawError.swift */; };
		AE5158661EB3CE0C00EC523E /* Dictionary+Extractable.swift in Sources */ = {isa = PBXBuildFile; fileRef = AE5158601EB3CE0C00EC523E /* Dictionary+Extractable.swift */; };
		AE5158671EB3CE0C00EC523E /* Extractable.swift in Sources */ = {isa = PBXBuildFile; fileRef = AE5158611EB3CE0C00EC523E /* Extractable.swift */; };
		AE5158681EB3CE0C00EC523E /* Extractable+Enum.swift in Sources */ = {isa = PBXBuildFile; fileRef = AE5158621EB3CE0C00EC523E /* Extractable+Enum.swift */; };
		AE5158691EB3CE0C00EC523E /* Extractable+Value.swift in Sources */ = {isa = PBXBuildFile; fileRef = AE5158631EB3CE0C00EC523E /* Extractable+Value.swift */; };
		AE51586A1EB3CE0C00EC523E /* Extractable+ValueWithContext.swift in Sources */ = {isa = PBXBuildFile; fileRef = AE5158641EB3CE0C00EC523E /* Extractable+ValueWithContext.swift */; };
		AE51586B1EB3CE0C00EC523E /* Key.swift in Sources */ = {isa = PBXBuildFile; fileRef = AE5158651EB3CE0C00EC523E /* Key.swift */; };
		AE5158731EB3CE3B00EC523E /* Array+IndexExtractable.swift in Sources */ = {isa = PBXBuildFile; fileRef = AE51586D1EB3CE3B00EC523E /* Array+IndexExtractable.swift */; };
		AE5158741EB3CE3B00EC523E /* Index.swift in Sources */ = {isa = PBXBuildFile; fileRef = AE51586E1EB3CE3B00EC523E /* Index.swift */; };
		AE5158751EB3CE3B00EC523E /* IndexExtractable.swift in Sources */ = {isa = PBXBuildFile; fileRef = AE51586F1EB3CE3B00EC523E /* IndexExtractable.swift */; };
		AE5158761EB3CE3B00EC523E /* IndexExtractable+Enum.swift in Sources */ = {isa = PBXBuildFile; fileRef = AE5158701EB3CE3B00EC523E /* IndexExtractable+Enum.swift */; };
		AE5158771EB3CE3B00EC523E /* IndexExtractable+Value.swift in Sources */ = {isa = PBXBuildFile; fileRef = AE5158711EB3CE3B00EC523E /* IndexExtractable+Value.swift */; };
		AE5158781EB3CE3B00EC523E /* IndexExtractable+ValueWithContext.swift in Sources */ = {isa = PBXBuildFile; fileRef = AE5158721EB3CE3B00EC523E /* IndexExtractable+ValueWithContext.swift */; };
		AE51587D1EB3CE7D00EC523E /* JSON.swift in Sources */ = {isa = PBXBuildFile; fileRef = AE51587A1EB3CE7D00EC523E /* JSON.swift */; };
		AE51587E1EB3CE7D00EC523E /* JSONCollection.swift in Sources */ = {isa = PBXBuildFile; fileRef = AE51587B1EB3CE7D00EC523E /* JSONCollection.swift */; };
		AE51587F1EB3CE7D00EC523E /* JSONSerializable.swift in Sources */ = {isa = PBXBuildFile; fileRef = AE51587C1EB3CE7D00EC523E /* JSONSerializable.swift */; };
		AE5158831EB3CEC700EC523E /* Value.swift in Sources */ = {isa = PBXBuildFile; fileRef = AE5158811EB3CEC700EC523E /* Value.swift */; };
		AE5158841EB3CEC700EC523E /* ValueWithContext.swift in Sources */ = {isa = PBXBuildFile; fileRef = AE5158821EB3CEC700EC523E /* ValueWithContext.swift */; };
		AE51588C1EB3CEFC00EC523E /* Deserializable.swift in Sources */ = {isa = PBXBuildFile; fileRef = AE5158861EB3CEFC00EC523E /* Deserializable.swift */; };
		AE51588D1EB3CEFC00EC523E /* DeserializableWithContext.swift in Sources */ = {isa = PBXBuildFile; fileRef = AE5158871EB3CEFC00EC523E /* DeserializableWithContext.swift */; };
		AE51588E1EB3CEFC00EC523E /* Serializable.swift in Sources */ = {isa = PBXBuildFile; fileRef = AE5158881EB3CEFC00EC523E /* Serializable.swift */; };
		AE51588F1EB3CEFC00EC523E /* SerializableWithContext.swift in Sources */ = {isa = PBXBuildFile; fileRef = AE5158891EB3CEFC00EC523E /* SerializableWithContext.swift */; };
		AE5158901EB3CEFC00EC523E /* Updatable.swift in Sources */ = {isa = PBXBuildFile; fileRef = AE51588A1EB3CEFC00EC523E /* Updatable.swift */; };
		AE5158911EB3CEFC00EC523E /* UpdatableWithContext.swift in Sources */ = {isa = PBXBuildFile; fileRef = AE51588B1EB3CEFC00EC523E /* UpdatableWithContext.swift */; };
		AE5158991EB3CF3900EC523E /* IndexDeserializable.swift in Sources */ = {isa = PBXBuildFile; fileRef = AE5158931EB3CF3900EC523E /* IndexDeserializable.swift */; };
		AE51589A1EB3CF3900EC523E /* IndexDeserializableWithContext.swift in Sources */ = {isa = PBXBuildFile; fileRef = AE5158941EB3CF3900EC523E /* IndexDeserializableWithContext.swift */; };
		AE51589B1EB3CF3900EC523E /* IndexSerializable.swift in Sources */ = {isa = PBXBuildFile; fileRef = AE5158951EB3CF3900EC523E /* IndexSerializable.swift */; };
		AE51589C1EB3CF3900EC523E /* IndexSerializableWithContext.swift in Sources */ = {isa = PBXBuildFile; fileRef = AE5158961EB3CF3900EC523E /* IndexSerializableWithContext.swift */; };
		AE51589D1EB3CF3900EC523E /* IndexUpdatable.swift in Sources */ = {isa = PBXBuildFile; fileRef = AE5158971EB3CF3900EC523E /* IndexUpdatable.swift */; };
		AE51589E1EB3CF3900EC523E /* IndexUpdatableWithContext.swift in Sources */ = {isa = PBXBuildFile; fileRef = AE5158981EB3CF3900EC523E /* IndexUpdatableWithContext.swift */; };
		AE5158A31EB3CF6B00EC523E /* Array.swift in Sources */ = {isa = PBXBuildFile; fileRef = AE5158A01EB3CF6B00EC523E /* Array.swift */; };
		AE5158A41EB3CF6B00EC523E /* Dictionary.swift in Sources */ = {isa = PBXBuildFile; fileRef = AE5158A11EB3CF6B00EC523E /* Dictionary.swift */; };
		AE5158A51EB3CF6B00EC523E /* Set.swift in Sources */ = {isa = PBXBuildFile; fileRef = AE5158A21EB3CF6B00EC523E /* Set.swift */; };
		AE5158B11EB3CF9C00EC523E /* Array+Value.swift in Sources */ = {isa = PBXBuildFile; fileRef = AE5158A71EB3CF9C00EC523E /* Array+Value.swift */; };
		AE5158B21EB3CF9C00EC523E /* Bool+Value.swift in Sources */ = {isa = PBXBuildFile; fileRef = AE5158A81EB3CF9C00EC523E /* Bool+Value.swift */; };
		AE5158B31EB3CF9C00EC523E /* Date+Value.swift in Sources */ = {isa = PBXBuildFile; fileRef = AE5158A91EB3CF9C00EC523E /* Date+Value.swift */; };
		AE5158B41EB3CF9C00EC523E /* Dictionary+Value.swift in Sources */ = {isa = PBXBuildFile; fileRef = AE5158AA1EB3CF9C00EC523E /* Dictionary+Value.swift */; };
		AE5158B51EB3CF9C00EC523E /* Float+Value.swift in Sources */ = {isa = PBXBuildFile; fileRef = AE5158AB1EB3CF9C00EC523E /* Float+Value.swift */; };
		AE5158B61EB3CF9C00EC523E /* Int+Value.swift in Sources */ = {isa = PBXBuildFile; fileRef = AE5158AC1EB3CF9C00EC523E /* Int+Value.swift */; };
		AE5158B71EB3CF9C00EC523E /* Set+Value.swift in Sources */ = {isa = PBXBuildFile; fileRef = AE5158AD1EB3CF9C00EC523E /* Set+Value.swift */; };
		AE5158B81EB3CF9C00EC523E /* String+Value.swift in Sources */ = {isa = PBXBuildFile; fileRef = AE5158AE1EB3CF9C00EC523E /* String+Value.swift */; };
		AE5158B91EB3CF9C00EC523E /* UInt+Value.swift in Sources */ = {isa = PBXBuildFile; fileRef = AE5158AF1EB3CF9C00EC523E /* UInt+Value.swift */; };
		AE5158BA1EB3CF9C00EC523E /* URL+Value.swift in Sources */ = {isa = PBXBuildFile; fileRef = AE5158B01EB3CF9C00EC523E /* URL+Value.swift */; };
		AE5158BF1EB3CFD800EC523E /* Array+ValueWithContext.swift in Sources */ = {isa = PBXBuildFile; fileRef = AE5158BC1EB3CFD800EC523E /* Array+ValueWithContext.swift */; };
		AE5158C01EB3CFD800EC523E /* Dictionary+ValueWithContext.swift in Sources */ = {isa = PBXBuildFile; fileRef = AE5158BD1EB3CFD800EC523E /* Dictionary+ValueWithContext.swift */; };
		AE5158C11EB3CFD800EC523E /* Set+ValueWithContext.swift in Sources */ = {isa = PBXBuildFile; fileRef = AE5158BE1EB3CFD800EC523E /* Set+ValueWithContext.swift */; };
		AFBED2531C7E1AAB00622331 /* Outlaw.h in Headers */ = {isa = PBXBuildFile; fileRef = AFBED2521C7E1AAB00622331 /* Outlaw.h */; settings = {ATTRIBUTES = (Public, ); }; };
		AFBED25A1C7E1AAB00622331 /* Outlaw.framework in Frameworks */ = {isa = PBXBuildFile; fileRef = AFBED24F1C7E1AAB00622331 /* Outlaw.framework */; };
/* End PBXBuildFile section */

/* Begin PBXContainerItemProxy section */
		AFBED25B1C7E1AAB00622331 /* PBXContainerItemProxy */ = {
			isa = PBXContainerItemProxy;
			containerPortal = AFBED2461C7E1AAB00622331 /* Project object */;
			proxyType = 1;
			remoteGlobalIDString = AFBED24E1C7E1AAB00622331;
			remoteInfo = Outlaw;
		};
/* End PBXContainerItemProxy section */

/* Begin PBXFileReference section */
		AE5157F01EB3BB2C00EC523E /* ArrayTests.json */ = {isa = PBXFileReference; fileEncoding = 4; lastKnownFileType = text.json; path = ArrayTests.json; sourceTree = "<group>"; };
		AE5157F11EB3BB2C00EC523E /* BoolTests.json */ = {isa = PBXFileReference; fileEncoding = 4; lastKnownFileType = text.json; path = BoolTests.json; sourceTree = "<group>"; };
		AE5157F21EB3BB2C00EC523E /* CharacterTests.json */ = {isa = PBXFileReference; fileEncoding = 4; lastKnownFileType = text.json; path = CharacterTests.json; sourceTree = "<group>"; };
		AE5157F31EB3BB2C00EC523E /* DateTests.json */ = {isa = PBXFileReference; fileEncoding = 4; lastKnownFileType = text.json; path = DateTests.json; sourceTree = "<group>"; };
		AE5157F41EB3BB2C00EC523E /* DictionaryTests.json */ = {isa = PBXFileReference; fileEncoding = 4; lastKnownFileType = text.json; path = DictionaryTests.json; sourceTree = "<group>"; };
		AE5157F51EB3BB2C00EC523E /* DoubleTests.json */ = {isa = PBXFileReference; fileEncoding = 4; lastKnownFileType = text.json; path = DoubleTests.json; sourceTree = "<group>"; };
		AE5157F61EB3BB2C00EC523E /* EnumTests.json */ = {isa = PBXFileReference; fileEncoding = 4; lastKnownFileType = text.json; path = EnumTests.json; sourceTree = "<group>"; };
		AE5157F71EB3BB2C00EC523E /* FloatTests.json */ = {isa = PBXFileReference; fileEncoding = 4; lastKnownFileType = text.json; path = FloatTests.json; sourceTree = "<group>"; };
		AE5157F81EB3BB2C00EC523E /* Int16Tests.json */ = {isa = PBXFileReference; fileEncoding = 4; lastKnownFileType = text.json; path = Int16Tests.json; sourceTree = "<group>"; };
		AE5157F91EB3BB2C00EC523E /* Int32Tests.json */ = {isa = PBXFileReference; fileEncoding = 4; lastKnownFileType = text.json; path = Int32Tests.json; sourceTree = "<group>"; };
		AE5157FA1EB3BB2C00EC523E /* Int64Tests.json */ = {isa = PBXFileReference; fileEncoding = 4; lastKnownFileType = text.json; path = Int64Tests.json; sourceTree = "<group>"; };
		AE5157FB1EB3BB2C00EC523E /* Int8Tests.json */ = {isa = PBXFileReference; fileEncoding = 4; lastKnownFileType = text.json; path = Int8Tests.json; sourceTree = "<group>"; };
		AE5157FC1EB3BB2C00EC523E /* IntTests.json */ = {isa = PBXFileReference; fileEncoding = 4; lastKnownFileType = text.json; path = IntTests.json; sourceTree = "<group>"; };
		AE5157FD1EB3BB2C00EC523E /* ObjectTests.json */ = {isa = PBXFileReference; fileEncoding = 4; lastKnownFileType = text.json; path = ObjectTests.json; sourceTree = "<group>"; };
		AE5157FE1EB3BB2C00EC523E /* SetTests.json */ = {isa = PBXFileReference; fileEncoding = 4; lastKnownFileType = text.json; path = SetTests.json; sourceTree = "<group>"; };
		AE5157FF1EB3BB2C00EC523E /* StringTests.json */ = {isa = PBXFileReference; fileEncoding = 4; lastKnownFileType = text.json; path = StringTests.json; sourceTree = "<group>"; };
		AE5158001EB3BB2C00EC523E /* UInt16Tests.json */ = {isa = PBXFileReference; fileEncoding = 4; lastKnownFileType = text.json; path = UInt16Tests.json; sourceTree = "<group>"; };
		AE5158011EB3BB2C00EC523E /* UInt32Tests.json */ = {isa = PBXFileReference; fileEncoding = 4; lastKnownFileType = text.json; path = UInt32Tests.json; sourceTree = "<group>"; };
		AE5158021EB3BB2C00EC523E /* UInt64Tests.json */ = {isa = PBXFileReference; fileEncoding = 4; lastKnownFileType = text.json; path = UInt64Tests.json; sourceTree = "<group>"; };
		AE5158031EB3BB2C00EC523E /* UInt8Tests.json */ = {isa = PBXFileReference; fileEncoding = 4; lastKnownFileType = text.json; path = UInt8Tests.json; sourceTree = "<group>"; };
		AE5158041EB3BB2C00EC523E /* UIntTests.json */ = {isa = PBXFileReference; fileEncoding = 4; lastKnownFileType = text.json; path = UIntTests.json; sourceTree = "<group>"; };
		AE5158051EB3BB2C00EC523E /* URLTests.json */ = {isa = PBXFileReference; fileEncoding = 4; lastKnownFileType = text.json; path = URLTests.json; sourceTree = "<group>"; };
		AE51581C1EB3BB4700EC523E /* ArrayTests.swift */ = {isa = PBXFileReference; fileEncoding = 4; lastKnownFileType = sourcecode.swift; path = ArrayTests.swift; sourceTree = "<group>"; };
		AE51581D1EB3BB4700EC523E /* BoolTests.swift */ = {isa = PBXFileReference; fileEncoding = 4; lastKnownFileType = sourcecode.swift; path = BoolTests.swift; sourceTree = "<group>"; };
		AE51581E1EB3BB4700EC523E /* CharacterTests.swift */ = {isa = PBXFileReference; fileEncoding = 4; lastKnownFileType = sourcecode.swift; path = CharacterTests.swift; sourceTree = "<group>"; };
		AE51581F1EB3BB4700EC523E /* DateTests.swift */ = {isa = PBXFileReference; fileEncoding = 4; lastKnownFileType = sourcecode.swift; path = DateTests.swift; sourceTree = "<group>"; };
		AE5158201EB3BB4700EC523E /* DeserializableTests.swift */ = {isa = PBXFileReference; fileEncoding = 4; lastKnownFileType = sourcecode.swift; path = DeserializableTests.swift; sourceTree = "<group>"; };
		AE5158211EB3BB4700EC523E /* DeserializableWithContextTests.swift */ = {isa = PBXFileReference; fileEncoding = 4; lastKnownFileType = sourcecode.swift; path = DeserializableWithContextTests.swift; sourceTree = "<group>"; };
		AE5158221EB3BB4700EC523E /* DictionaryTests.swift */ = {isa = PBXFileReference; fileEncoding = 4; lastKnownFileType = sourcecode.swift; path = DictionaryTests.swift; sourceTree = "<group>"; };
		AE5158231EB3BB4700EC523E /* DoubleTests.swift */ = {isa = PBXFileReference; fileEncoding = 4; lastKnownFileType = sourcecode.swift; path = DoubleTests.swift; sourceTree = "<group>"; };
		AE5158241EB3BB4700EC523E /* EnumTests.swift */ = {isa = PBXFileReference; fileEncoding = 4; lastKnownFileType = sourcecode.swift; path = EnumTests.swift; sourceTree = "<group>"; };
		AE5158251EB3BB4700EC523E /* FloatTests.swift */ = {isa = PBXFileReference; fileEncoding = 4; lastKnownFileType = sourcecode.swift; path = FloatTests.swift; sourceTree = "<group>"; };
		AE5158301EB3BB5300EC523E /* Int8Tests.swift */ = {isa = PBXFileReference; fileEncoding = 4; lastKnownFileType = sourcecode.swift; path = Int8Tests.swift; sourceTree = "<group>"; };
		AE5158311EB3BB5300EC523E /* Int16Tests.swift */ = {isa = PBXFileReference; fileEncoding = 4; lastKnownFileType = sourcecode.swift; path = Int16Tests.swift; sourceTree = "<group>"; };
		AE5158321EB3BB5300EC523E /* Int32Tests.swift */ = {isa = PBXFileReference; fileEncoding = 4; lastKnownFileType = sourcecode.swift; path = Int32Tests.swift; sourceTree = "<group>"; };
		AE5158331EB3BB5300EC523E /* Int64Tests.swift */ = {isa = PBXFileReference; fileEncoding = 4; lastKnownFileType = sourcecode.swift; path = Int64Tests.swift; sourceTree = "<group>"; };
		AE5158341EB3BB5300EC523E /* IntTests.swift */ = {isa = PBXFileReference; fileEncoding = 4; lastKnownFileType = sourcecode.swift; path = IntTests.swift; sourceTree = "<group>"; };
		AE5158351EB3BB5300EC523E /* OutlawTestCase.swift */ = {isa = PBXFileReference; fileEncoding = 4; lastKnownFileType = sourcecode.swift; path = OutlawTestCase.swift; sourceTree = "<group>"; };
		AE51583C1EB3BB5C00EC523E /* SerializableTests.swift */ = {isa = PBXFileReference; fileEncoding = 4; lastKnownFileType = sourcecode.swift; path = SerializableTests.swift; sourceTree = "<group>"; };
		AE51583D1EB3BB5C00EC523E /* SerializableWithContextTests.swift */ = {isa = PBXFileReference; fileEncoding = 4; lastKnownFileType = sourcecode.swift; path = SerializableWithContextTests.swift; sourceTree = "<group>"; };
		AE51583E1EB3BB5C00EC523E /* SetTests.swift */ = {isa = PBXFileReference; fileEncoding = 4; lastKnownFileType = sourcecode.swift; path = SetTests.swift; sourceTree = "<group>"; };
		AE51583F1EB3BB5C00EC523E /* StringTests.swift */ = {isa = PBXFileReference; fileEncoding = 4; lastKnownFileType = sourcecode.swift; path = StringTests.swift; sourceTree = "<group>"; };
		AE5158401EB3BB5C00EC523E /* TypesForTests.swift */ = {isa = PBXFileReference; fileEncoding = 4; lastKnownFileType = sourcecode.swift; path = TypesForTests.swift; sourceTree = "<group>"; };
		AE5158411EB3BB5C00EC523E /* UInt8Tests.swift */ = {isa = PBXFileReference; fileEncoding = 4; lastKnownFileType = sourcecode.swift; path = UInt8Tests.swift; sourceTree = "<group>"; };
		AE5158421EB3BB5C00EC523E /* UInt16Tests.swift */ = {isa = PBXFileReference; fileEncoding = 4; lastKnownFileType = sourcecode.swift; path = UInt16Tests.swift; sourceTree = "<group>"; };
		AE5158431EB3BB5C00EC523E /* UInt32Tests.swift */ = {isa = PBXFileReference; fileEncoding = 4; lastKnownFileType = sourcecode.swift; path = UInt32Tests.swift; sourceTree = "<group>"; };
		AE5158441EB3BB5C00EC523E /* UInt64Tests.swift */ = {isa = PBXFileReference; fileEncoding = 4; lastKnownFileType = sourcecode.swift; path = UInt64Tests.swift; sourceTree = "<group>"; };
		AE5158451EB3BB5C00EC523E /* UIntTests.swift */ = {isa = PBXFileReference; fileEncoding = 4; lastKnownFileType = sourcecode.swift; path = UIntTests.swift; sourceTree = "<group>"; };
		AE5158461EB3BB5C00EC523E /* UpdatableTests.swift */ = {isa = PBXFileReference; fileEncoding = 4; lastKnownFileType = sourcecode.swift; path = UpdatableTests.swift; sourceTree = "<group>"; };
		AE5158471EB3BB5C00EC523E /* UpdatableWithContextTests.swift */ = {isa = PBXFileReference; fileEncoding = 4; lastKnownFileType = sourcecode.swift; path = UpdatableWithContextTests.swift; sourceTree = "<group>"; };
		AE5158481EB3BB5C00EC523E /* URLTests.swift */ = {isa = PBXFileReference; fileEncoding = 4; lastKnownFileType = sourcecode.swift; path = URLTests.swift; sourceTree = "<group>"; };
		AE5158491EB3BB5C00EC523E /* ValueWithContextTests.swift */ = {isa = PBXFileReference; fileEncoding = 4; lastKnownFileType = sourcecode.swift; path = ValueWithContextTests.swift; sourceTree = "<group>"; };
		AE51585A1EB3CDA700EC523E /* Dictionary+map.swift */ = {isa = PBXFileReference; fileEncoding = 4; lastKnownFileType = sourcecode.swift; path = "Dictionary+map.swift"; sourceTree = "<group>"; };
		AE51585D1EB3CDDA00EC523E /* OutlawError.swift */ = {isa = PBXFileReference; fileEncoding = 4; lastKnownFileType = sourcecode.swift; path = OutlawError.swift; sourceTree = "<group>"; };
		AE5158601EB3CE0C00EC523E /* Dictionary+Extractable.swift */ = {isa = PBXFileReference; fileEncoding = 4; lastKnownFileType = sourcecode.swift; path = "Dictionary+Extractable.swift"; sourceTree = "<group>"; };
		AE5158611EB3CE0C00EC523E /* Extractable.swift */ = {isa = PBXFileReference; fileEncoding = 4; lastKnownFileType = sourcecode.swift; path = Extractable.swift; sourceTree = "<group>"; };
		AE5158621EB3CE0C00EC523E /* Extractable+Enum.swift */ = {isa = PBXFileReference; fileEncoding = 4; lastKnownFileType = sourcecode.swift; path = "Extractable+Enum.swift"; sourceTree = "<group>"; };
		AE5158631EB3CE0C00EC523E /* Extractable+Value.swift */ = {isa = PBXFileReference; fileEncoding = 4; lastKnownFileType = sourcecode.swift; path = "Extractable+Value.swift"; sourceTree = "<group>"; };
		AE5158641EB3CE0C00EC523E /* Extractable+ValueWithContext.swift */ = {isa = PBXFileReference; fileEncoding = 4; lastKnownFileType = sourcecode.swift; path = "Extractable+ValueWithContext.swift"; sourceTree = "<group>"; };
		AE5158651EB3CE0C00EC523E /* Key.swift */ = {isa = PBXFileReference; fileEncoding = 4; lastKnownFileType = sourcecode.swift; path = Key.swift; sourceTree = "<group>"; };
		AE51586D1EB3CE3B00EC523E /* Array+IndexExtractable.swift */ = {isa = PBXFileReference; fileEncoding = 4; lastKnownFileType = sourcecode.swift; path = "Array+IndexExtractable.swift"; sourceTree = "<group>"; };
		AE51586E1EB3CE3B00EC523E /* Index.swift */ = {isa = PBXFileReference; fileEncoding = 4; lastKnownFileType = sourcecode.swift; path = Index.swift; sourceTree = "<group>"; };
		AE51586F1EB3CE3B00EC523E /* IndexExtractable.swift */ = {isa = PBXFileReference; fileEncoding = 4; lastKnownFileType = sourcecode.swift; path = IndexExtractable.swift; sourceTree = "<group>"; };
		AE5158701EB3CE3B00EC523E /* IndexExtractable+Enum.swift */ = {isa = PBXFileReference; fileEncoding = 4; lastKnownFileType = sourcecode.swift; path = "IndexExtractable+Enum.swift"; sourceTree = "<group>"; };
		AE5158711EB3CE3B00EC523E /* IndexExtractable+Value.swift */ = {isa = PBXFileReference; fileEncoding = 4; lastKnownFileType = sourcecode.swift; path = "IndexExtractable+Value.swift"; sourceTree = "<group>"; };
		AE5158721EB3CE3B00EC523E /* IndexExtractable+ValueWithContext.swift */ = {isa = PBXFileReference; fileEncoding = 4; lastKnownFileType = sourcecode.swift; path = "IndexExtractable+ValueWithContext.swift"; sourceTree = "<group>"; };
		AE51587A1EB3CE7D00EC523E /* JSON.swift */ = {isa = PBXFileReference; fileEncoding = 4; lastKnownFileType = sourcecode.swift; path = JSON.swift; sourceTree = "<group>"; };
		AE51587B1EB3CE7D00EC523E /* JSONCollection.swift */ = {isa = PBXFileReference; fileEncoding = 4; lastKnownFileType = sourcecode.swift; path = JSONCollection.swift; sourceTree = "<group>"; };
		AE51587C1EB3CE7D00EC523E /* JSONSerializable.swift */ = {isa = PBXFileReference; fileEncoding = 4; lastKnownFileType = sourcecode.swift; path = JSONSerializable.swift; sourceTree = "<group>"; };
		AE5158811EB3CEC700EC523E /* Value.swift */ = {isa = PBXFileReference; fileEncoding = 4; lastKnownFileType = sourcecode.swift; path = Value.swift; sourceTree = "<group>"; };
		AE5158821EB3CEC700EC523E /* ValueWithContext.swift */ = {isa = PBXFileReference; fileEncoding = 4; lastKnownFileType = sourcecode.swift; path = ValueWithContext.swift; sourceTree = "<group>"; };
		AE5158861EB3CEFC00EC523E /* Deserializable.swift */ = {isa = PBXFileReference; fileEncoding = 4; lastKnownFileType = sourcecode.swift; path = Deserializable.swift; sourceTree = "<group>"; };
		AE5158871EB3CEFC00EC523E /* DeserializableWithContext.swift */ = {isa = PBXFileReference; fileEncoding = 4; lastKnownFileType = sourcecode.swift; path = DeserializableWithContext.swift; sourceTree = "<group>"; };
		AE5158881EB3CEFC00EC523E /* Serializable.swift */ = {isa = PBXFileReference; fileEncoding = 4; lastKnownFileType = sourcecode.swift; path = Serializable.swift; sourceTree = "<group>"; };
		AE5158891EB3CEFC00EC523E /* SerializableWithContext.swift */ = {isa = PBXFileReference; fileEncoding = 4; lastKnownFileType = sourcecode.swift; path = SerializableWithContext.swift; sourceTree = "<group>"; };
		AE51588A1EB3CEFC00EC523E /* Updatable.swift */ = {isa = PBXFileReference; fileEncoding = 4; lastKnownFileType = sourcecode.swift; path = Updatable.swift; sourceTree = "<group>"; };
		AE51588B1EB3CEFC00EC523E /* UpdatableWithContext.swift */ = {isa = PBXFileReference; fileEncoding = 4; lastKnownFileType = sourcecode.swift; path = UpdatableWithContext.swift; sourceTree = "<group>"; };
		AE5158931EB3CF3900EC523E /* IndexDeserializable.swift */ = {isa = PBXFileReference; fileEncoding = 4; lastKnownFileType = sourcecode.swift; path = IndexDeserializable.swift; sourceTree = "<group>"; };
		AE5158941EB3CF3900EC523E /* IndexDeserializableWithContext.swift */ = {isa = PBXFileReference; fileEncoding = 4; lastKnownFileType = sourcecode.swift; path = IndexDeserializableWithContext.swift; sourceTree = "<group>"; };
		AE5158951EB3CF3900EC523E /* IndexSerializable.swift */ = {isa = PBXFileReference; fileEncoding = 4; lastKnownFileType = sourcecode.swift; path = IndexSerializable.swift; sourceTree = "<group>"; };
		AE5158961EB3CF3900EC523E /* IndexSerializableWithContext.swift */ = {isa = PBXFileReference; fileEncoding = 4; lastKnownFileType = sourcecode.swift; path = IndexSerializableWithContext.swift; sourceTree = "<group>"; };
		AE5158971EB3CF3900EC523E /* IndexUpdatable.swift */ = {isa = PBXFileReference; fileEncoding = 4; lastKnownFileType = sourcecode.swift; path = IndexUpdatable.swift; sourceTree = "<group>"; };
		AE5158981EB3CF3900EC523E /* IndexUpdatableWithContext.swift */ = {isa = PBXFileReference; fileEncoding = 4; lastKnownFileType = sourcecode.swift; path = IndexUpdatableWithContext.swift; sourceTree = "<group>"; };
		AE5158A01EB3CF6B00EC523E /* Array.swift */ = {isa = PBXFileReference; fileEncoding = 4; lastKnownFileType = sourcecode.swift; path = Array.swift; sourceTree = "<group>"; };
		AE5158A11EB3CF6B00EC523E /* Dictionary.swift */ = {isa = PBXFileReference; fileEncoding = 4; lastKnownFileType = sourcecode.swift; path = Dictionary.swift; sourceTree = "<group>"; };
		AE5158A21EB3CF6B00EC523E /* Set.swift */ = {isa = PBXFileReference; fileEncoding = 4; lastKnownFileType = sourcecode.swift; path = Set.swift; sourceTree = "<group>"; };
		AE5158A71EB3CF9C00EC523E /* Array+Value.swift */ = {isa = PBXFileReference; fileEncoding = 4; lastKnownFileType = sourcecode.swift; path = "Array+Value.swift"; sourceTree = "<group>"; };
		AE5158A81EB3CF9C00EC523E /* Bool+Value.swift */ = {isa = PBXFileReference; fileEncoding = 4; lastKnownFileType = sourcecode.swift; path = "Bool+Value.swift"; sourceTree = "<group>"; };
		AE5158A91EB3CF9C00EC523E /* Date+Value.swift */ = {isa = PBXFileReference; fileEncoding = 4; lastKnownFileType = sourcecode.swift; path = "Date+Value.swift"; sourceTree = "<group>"; };
		AE5158AA1EB3CF9C00EC523E /* Dictionary+Value.swift */ = {isa = PBXFileReference; fileEncoding = 4; lastKnownFileType = sourcecode.swift; path = "Dictionary+Value.swift"; sourceTree = "<group>"; };
		AE5158AB1EB3CF9C00EC523E /* Float+Value.swift */ = {isa = PBXFileReference; fileEncoding = 4; lastKnownFileType = sourcecode.swift; path = "Float+Value.swift"; sourceTree = "<group>"; };
		AE5158AC1EB3CF9C00EC523E /* Int+Value.swift */ = {isa = PBXFileReference; fileEncoding = 4; lastKnownFileType = sourcecode.swift; path = "Int+Value.swift"; sourceTree = "<group>"; };
		AE5158AD1EB3CF9C00EC523E /* Set+Value.swift */ = {isa = PBXFileReference; fileEncoding = 4; lastKnownFileType = sourcecode.swift; path = "Set+Value.swift"; sourceTree = "<group>"; };
		AE5158AE1EB3CF9C00EC523E /* String+Value.swift */ = {isa = PBXFileReference; fileEncoding = 4; lastKnownFileType = sourcecode.swift; path = "String+Value.swift"; sourceTree = "<group>"; };
		AE5158AF1EB3CF9C00EC523E /* UInt+Value.swift */ = {isa = PBXFileReference; fileEncoding = 4; lastKnownFileType = sourcecode.swift; path = "UInt+Value.swift"; sourceTree = "<group>"; };
		AE5158B01EB3CF9C00EC523E /* URL+Value.swift */ = {isa = PBXFileReference; fileEncoding = 4; lastKnownFileType = sourcecode.swift; path = "URL+Value.swift"; sourceTree = "<group>"; };
		AE5158BC1EB3CFD800EC523E /* Array+ValueWithContext.swift */ = {isa = PBXFileReference; fileEncoding = 4; lastKnownFileType = sourcecode.swift; path = "Array+ValueWithContext.swift"; sourceTree = "<group>"; };
		AE5158BD1EB3CFD800EC523E /* Dictionary+ValueWithContext.swift */ = {isa = PBXFileReference; fileEncoding = 4; lastKnownFileType = sourcecode.swift; path = "Dictionary+ValueWithContext.swift"; sourceTree = "<group>"; };
		AE5158BE1EB3CFD800EC523E /* Set+ValueWithContext.swift */ = {isa = PBXFileReference; fileEncoding = 4; lastKnownFileType = sourcecode.swift; path = "Set+ValueWithContext.swift"; sourceTree = "<group>"; };
		AFBED24F1C7E1AAB00622331 /* Outlaw.framework */ = {isa = PBXFileReference; explicitFileType = wrapper.framework; includeInIndex = 0; path = Outlaw.framework; sourceTree = BUILT_PRODUCTS_DIR; };
		AFBED2521C7E1AAB00622331 /* Outlaw.h */ = {isa = PBXFileReference; lastKnownFileType = sourcecode.c.h; path = Outlaw.h; sourceTree = "<group>"; };
		AFBED2541C7E1AAB00622331 /* Info.plist */ = {isa = PBXFileReference; lastKnownFileType = text.plist.xml; path = Info.plist; sourceTree = "<group>"; };
		AFBED2591C7E1AAB00622331 /* OutlawTests.xctest */ = {isa = PBXFileReference; explicitFileType = wrapper.cfbundle; includeInIndex = 0; path = OutlawTests.xctest; sourceTree = BUILT_PRODUCTS_DIR; };
		AFBED2601C7E1AAB00622331 /* Info.plist */ = {isa = PBXFileReference; lastKnownFileType = text.plist.xml; path = Info.plist; sourceTree = "<group>"; };
/* End PBXFileReference section */

/* Begin PBXFrameworksBuildPhase section */
		AFBED24B1C7E1AAB00622331 /* Frameworks */ = {
			isa = PBXFrameworksBuildPhase;
			buildActionMask = 2147483647;
			files = (
			);
			runOnlyForDeploymentPostprocessing = 0;
		};
		AFBED2561C7E1AAB00622331 /* Frameworks */ = {
			isa = PBXFrameworksBuildPhase;
			buildActionMask = 2147483647;
			files = (
				AFBED25A1C7E1AAB00622331 /* Outlaw.framework in Frameworks */,
			);
			runOnlyForDeploymentPostprocessing = 0;
		};
/* End PBXFrameworksBuildPhase section */

/* Begin PBXGroup section */
		AE5157EF1EB3BB2C00EC523E /* Resources */ = {
			isa = PBXGroup;
			children = (
				AE5157F01EB3BB2C00EC523E /* ArrayTests.json */,
				AE5157F11EB3BB2C00EC523E /* BoolTests.json */,
				AE5157F21EB3BB2C00EC523E /* CharacterTests.json */,
				AE5157F31EB3BB2C00EC523E /* DateTests.json */,
				AE5157F41EB3BB2C00EC523E /* DictionaryTests.json */,
				AE5157F51EB3BB2C00EC523E /* DoubleTests.json */,
				AE5157F61EB3BB2C00EC523E /* EnumTests.json */,
				AE5157F71EB3BB2C00EC523E /* FloatTests.json */,
				AE5157F81EB3BB2C00EC523E /* Int16Tests.json */,
				AE5157F91EB3BB2C00EC523E /* Int32Tests.json */,
				AE5157FA1EB3BB2C00EC523E /* Int64Tests.json */,
				AE5157FB1EB3BB2C00EC523E /* Int8Tests.json */,
				AE5157FC1EB3BB2C00EC523E /* IntTests.json */,
				AE5157FD1EB3BB2C00EC523E /* ObjectTests.json */,
				AE5157FE1EB3BB2C00EC523E /* SetTests.json */,
				AE5157FF1EB3BB2C00EC523E /* StringTests.json */,
				AE5158001EB3BB2C00EC523E /* UInt16Tests.json */,
				AE5158011EB3BB2C00EC523E /* UInt32Tests.json */,
				AE5158021EB3BB2C00EC523E /* UInt64Tests.json */,
				AE5158031EB3BB2C00EC523E /* UInt8Tests.json */,
				AE5158041EB3BB2C00EC523E /* UIntTests.json */,
				AE5158051EB3BB2C00EC523E /* URLTests.json */,
			);
			path = Resources;
			sourceTree = "<group>";
		};
		AE5158591EB3CD8600EC523E /* Convenience */ = {
			isa = PBXGroup;
			children = (
				AE51585A1EB3CDA700EC523E /* Dictionary+map.swift */,
			);
			name = Convenience;
			sourceTree = "<group>";
		};
		AE51585C1EB3CDB700EC523E /* Core */ = {
			isa = PBXGroup;
			children = (
				AE51585F1EB3CDE400EC523E /* Extractable */,
				AE51586C1EB3CE1700EC523E /* IndexExtractable */,
				AE51585D1EB3CDDA00EC523E /* OutlawError.swift */,
			);
			name = Core;
			sourceTree = "<group>";
		};
		AE51585F1EB3CDE400EC523E /* Extractable */ = {
			isa = PBXGroup;
			children = (
				AE5158601EB3CE0C00EC523E /* Dictionary+Extractable.swift */,
				AE5158611EB3CE0C00EC523E /* Extractable.swift */,
				AE5158621EB3CE0C00EC523E /* Extractable+Enum.swift */,
				AE5158631EB3CE0C00EC523E /* Extractable+Value.swift */,
				AE5158641EB3CE0C00EC523E /* Extractable+ValueWithContext.swift */,
				AE5158651EB3CE0C00EC523E /* Key.swift */,
			);
			name = Extractable;
			sourceTree = "<group>";
		};
		AE51586C1EB3CE1700EC523E /* IndexExtractable */ = {
			isa = PBXGroup;
			children = (
				AE51586D1EB3CE3B00EC523E /* Array+IndexExtractable.swift */,
				AE51586E1EB3CE3B00EC523E /* Index.swift */,
				AE51586F1EB3CE3B00EC523E /* IndexExtractable.swift */,
				AE5158701EB3CE3B00EC523E /* IndexExtractable+Enum.swift */,
				AE5158711EB3CE3B00EC523E /* IndexExtractable+Value.swift */,
				AE5158721EB3CE3B00EC523E /* IndexExtractable+ValueWithContext.swift */,
			);
			name = IndexExtractable;
			sourceTree = "<group>";
		};
		AE5158791EB3CE5800EC523E /* JSON */ = {
			isa = PBXGroup;
			children = (
				AE51587A1EB3CE7D00EC523E /* JSON.swift */,
				AE51587B1EB3CE7D00EC523E /* JSONCollection.swift */,
				AE51587C1EB3CE7D00EC523E /* JSONSerializable.swift */,
			);
			name = JSON;
			sourceTree = "<group>";
		};
		AE5158801EB3CE9800EC523E /* Protocols */ = {
			isa = PBXGroup;
			children = (
				AE5158851EB3CED500EC523E /* Extractable */,
				AE5158921EB3CF1700EC523E /* IndexExtractable */,
				AE5158811EB3CEC700EC523E /* Value.swift */,
				AE5158821EB3CEC700EC523E /* ValueWithContext.swift */,
			);
			name = Protocols;
			sourceTree = "<group>";
		};
		AE5158851EB3CED500EC523E /* Extractable */ = {
			isa = PBXGroup;
			children = (
				AE5158861EB3CEFC00EC523E /* Deserializable.swift */,
				AE5158871EB3CEFC00EC523E /* DeserializableWithContext.swift */,
				AE5158881EB3CEFC00EC523E /* Serializable.swift */,
				AE5158891EB3CEFC00EC523E /* SerializableWithContext.swift */,
				AE51588A1EB3CEFC00EC523E /* Updatable.swift */,
				AE51588B1EB3CEFC00EC523E /* UpdatableWithContext.swift */,
			);
			name = Extractable;
			sourceTree = "<group>";
		};
		AE5158921EB3CF1700EC523E /* IndexExtractable */ = {
			isa = PBXGroup;
			children = (
				AE5158931EB3CF3900EC523E /* IndexDeserializable.swift */,
				AE5158941EB3CF3900EC523E /* IndexDeserializableWithContext.swift */,
				AE5158951EB3CF3900EC523E /* IndexSerializable.swift */,
				AE5158961EB3CF3900EC523E /* IndexSerializableWithContext.swift */,
				AE5158971EB3CF3900EC523E /* IndexUpdatable.swift */,
				AE5158981EB3CF3900EC523E /* IndexUpdatableWithContext.swift */,
			);
			name = IndexExtractable;
			sourceTree = "<group>";
		};
		AE51589F1EB3CF4E00EC523E /* Types */ = {
			isa = PBXGroup;
			children = (
				AE5158A61EB3CF7800EC523E /* Types+Value */,
				AE5158BB1EB3CFAE00EC523E /* Types+ValueWithContext */,
				AE5158A01EB3CF6B00EC523E /* Array.swift */,
				AE5158A11EB3CF6B00EC523E /* Dictionary.swift */,
				AE5158A21EB3CF6B00EC523E /* Set.swift */,
			);
			name = Types;
			sourceTree = "<group>";
		};
		AE5158A61EB3CF7800EC523E /* Types+Value */ = {
			isa = PBXGroup;
			children = (
				AE5158A71EB3CF9C00EC523E /* Array+Value.swift */,
				AE5158A81EB3CF9C00EC523E /* Bool+Value.swift */,
				AE5158A91EB3CF9C00EC523E /* Date+Value.swift */,
				AE5158AA1EB3CF9C00EC523E /* Dictionary+Value.swift */,
				AE5158AB1EB3CF9C00EC523E /* Float+Value.swift */,
				AE5158AC1EB3CF9C00EC523E /* Int+Value.swift */,
				AE5158AD1EB3CF9C00EC523E /* Set+Value.swift */,
				AE5158AE1EB3CF9C00EC523E /* String+Value.swift */,
				AE5158AF1EB3CF9C00EC523E /* UInt+Value.swift */,
				AE5158B01EB3CF9C00EC523E /* URL+Value.swift */,
			);
			name = "Types+Value";
			sourceTree = "<group>";
		};
		AE5158BB1EB3CFAE00EC523E /* Types+ValueWithContext */ = {
			isa = PBXGroup;
			children = (
				AE5158BC1EB3CFD800EC523E /* Array+ValueWithContext.swift */,
				AE5158BD1EB3CFD800EC523E /* Dictionary+ValueWithContext.swift */,
				AE5158BE1EB3CFD800EC523E /* Set+ValueWithContext.swift */,
			);
			name = "Types+ValueWithContext";
			sourceTree = "<group>";
		};
		AE5158C21EB3D14900EC523E /* Sources */ = {
			isa = PBXGroup;
			children = (
				AE5158591EB3CD8600EC523E /* Convenience */,
				AE51585C1EB3CDB700EC523E /* Core */,
				AE5158791EB3CE5800EC523E /* JSON */,
				AE5158801EB3CE9800EC523E /* Protocols */,
				AE51589F1EB3CF4E00EC523E /* Types */,
			);
			name = Sources;
			path = ../Sources/Outlaw;
			sourceTree = "<group>";
		};
		AFBED2451C7E1AAB00622331 = {
			isa = PBXGroup;
			children = (
				AFBED2511C7E1AAB00622331 /* Outlaw */,
				AFBED25D1C7E1AAB00622331 /* OutlawTests */,
				AFBED2501C7E1AAB00622331 /* Products */,
			);
			sourceTree = "<group>";
		};
		AFBED2501C7E1AAB00622331 /* Products */ = {
			isa = PBXGroup;
			children = (
				AFBED24F1C7E1AAB00622331 /* Outlaw.framework */,
				AFBED2591C7E1AAB00622331 /* OutlawTests.xctest */,
			);
			name = Products;
			sourceTree = "<group>";
		};
		AFBED2511C7E1AAB00622331 /* Outlaw */ = {
			isa = PBXGroup;
			children = (
				AE5158C21EB3D14900EC523E /* Sources */,
				AFBED2521C7E1AAB00622331 /* Outlaw.h */,
				AFBED2541C7E1AAB00622331 /* Info.plist */,
			);
			path = Outlaw;
			sourceTree = "<group>";
		};
		AFBED25D1C7E1AAB00622331 /* OutlawTests */ = {
			isa = PBXGroup;
			children = (
				AE5157EF1EB3BB2C00EC523E /* Resources */,
				AE51583C1EB3BB5C00EC523E /* SerializableTests.swift */,
				AE51583D1EB3BB5C00EC523E /* SerializableWithContextTests.swift */,
				AE51583E1EB3BB5C00EC523E /* SetTests.swift */,
				AE51583F1EB3BB5C00EC523E /* StringTests.swift */,
				AE5158401EB3BB5C00EC523E /* TypesForTests.swift */,
				AE5158411EB3BB5C00EC523E /* UInt8Tests.swift */,
				AE5158421EB3BB5C00EC523E /* UInt16Tests.swift */,
				AE5158431EB3BB5C00EC523E /* UInt32Tests.swift */,
				AE5158441EB3BB5C00EC523E /* UInt64Tests.swift */,
				AE5158451EB3BB5C00EC523E /* UIntTests.swift */,
				AE5158461EB3BB5C00EC523E /* UpdatableTests.swift */,
				AE5158471EB3BB5C00EC523E /* UpdatableWithContextTests.swift */,
				AE5158481EB3BB5C00EC523E /* URLTests.swift */,
				AE5158491EB3BB5C00EC523E /* ValueWithContextTests.swift */,
				AE5158301EB3BB5300EC523E /* Int8Tests.swift */,
				AE5158311EB3BB5300EC523E /* Int16Tests.swift */,
				AE5158321EB3BB5300EC523E /* Int32Tests.swift */,
				AE5158331EB3BB5300EC523E /* Int64Tests.swift */,
				AE5158341EB3BB5300EC523E /* IntTests.swift */,
				AE5158351EB3BB5300EC523E /* OutlawTestCase.swift */,
				AE51581C1EB3BB4700EC523E /* ArrayTests.swift */,
				AE51581D1EB3BB4700EC523E /* BoolTests.swift */,
				AE51581E1EB3BB4700EC523E /* CharacterTests.swift */,
				AE51581F1EB3BB4700EC523E /* DateTests.swift */,
				AE5158201EB3BB4700EC523E /* DeserializableTests.swift */,
				AE5158211EB3BB4700EC523E /* DeserializableWithContextTests.swift */,
				AE5158221EB3BB4700EC523E /* DictionaryTests.swift */,
				AE5158231EB3BB4700EC523E /* DoubleTests.swift */,
				AE5158241EB3BB4700EC523E /* EnumTests.swift */,
				AE5158251EB3BB4700EC523E /* FloatTests.swift */,
				AFBED2601C7E1AAB00622331 /* Info.plist */,
			);
			path = OutlawTests;
			sourceTree = "<group>";
		};
/* End PBXGroup section */

/* Begin PBXHeadersBuildPhase section */
		AFBED24C1C7E1AAB00622331 /* Headers */ = {
			isa = PBXHeadersBuildPhase;
			buildActionMask = 2147483647;
			files = (
				AFBED2531C7E1AAB00622331 /* Outlaw.h in Headers */,
			);
			runOnlyForDeploymentPostprocessing = 0;
		};
/* End PBXHeadersBuildPhase section */

/* Begin PBXNativeTarget section */
		AFBED24E1C7E1AAB00622331 /* Outlaw */ = {
			isa = PBXNativeTarget;
			buildConfigurationList = AFBED2631C7E1AAB00622331 /* Build configuration list for PBXNativeTarget "Outlaw" */;
			buildPhases = (
				AFBED24A1C7E1AAB00622331 /* Sources */,
				AFBED24B1C7E1AAB00622331 /* Frameworks */,
				AFBED24C1C7E1AAB00622331 /* Headers */,
				AFBED24D1C7E1AAB00622331 /* Resources */,
				AE5158581EB3C07100EC523E /* Copy Resources */,
			);
			buildRules = (
			);
			dependencies = (
			);
			name = Outlaw;
			productName = Outlaw;
			productReference = AFBED24F1C7E1AAB00622331 /* Outlaw.framework */;
			productType = "com.apple.product-type.framework";
		};
		AFBED2581C7E1AAB00622331 /* OutlawTests */ = {
			isa = PBXNativeTarget;
			buildConfigurationList = AFBED2661C7E1AAB00622331 /* Build configuration list for PBXNativeTarget "OutlawTests" */;
			buildPhases = (
				AFBED2551C7E1AAB00622331 /* Sources */,
				AFBED2561C7E1AAB00622331 /* Frameworks */,
				AFBED2571C7E1AAB00622331 /* Resources */,
			);
			buildRules = (
			);
			dependencies = (
				AFBED25C1C7E1AAB00622331 /* PBXTargetDependency */,
			);
			name = OutlawTests;
			productName = OutlawTests;
			productReference = AFBED2591C7E1AAB00622331 /* OutlawTests.xctest */;
			productType = "com.apple.product-type.bundle.unit-test";
		};
/* End PBXNativeTarget section */

/* Begin PBXProject section */
		AFBED2461C7E1AAB00622331 /* Project object */ = {
			isa = PBXProject;
			attributes = {
				LastSwiftUpdateCheck = 0720;
				LastUpgradeCheck = 0900;
				ORGANIZATIONNAME = "Molbie LLC";
				TargetAttributes = {
					AFBED24E1C7E1AAB00622331 = {
						CreatedOnToolsVersion = 7.2.1;
						LastSwiftMigration = 0900;
					};
					AFBED2581C7E1AAB00622331 = {
						CreatedOnToolsVersion = 7.2.1;
						LastSwiftMigration = 0900;
					};
				};
			};
			buildConfigurationList = AFBED2491C7E1AAB00622331 /* Build configuration list for PBXProject "Outlaw" */;
			compatibilityVersion = "Xcode 3.2";
			developmentRegion = English;
			hasScannedForEncodings = 0;
			knownRegions = (
				en,
			);
			mainGroup = AFBED2451C7E1AAB00622331;
			productRefGroup = AFBED2501C7E1AAB00622331 /* Products */;
			projectDirPath = "";
			projectRoot = "";
			targets = (
				AFBED24E1C7E1AAB00622331 /* Outlaw */,
				AFBED2581C7E1AAB00622331 /* OutlawTests */,
			);
		};
/* End PBXProject section */

/* Begin PBXResourcesBuildPhase section */
		AFBED24D1C7E1AAB00622331 /* Resources */ = {
			isa = PBXResourcesBuildPhase;
			buildActionMask = 2147483647;
			files = (
			);
			runOnlyForDeploymentPostprocessing = 0;
		};
		AFBED2571C7E1AAB00622331 /* Resources */ = {
			isa = PBXResourcesBuildPhase;
			buildActionMask = 2147483647;
			files = (
				AE5158171EB3BB2C00EC523E /* UInt32Tests.json in Resources */,
				AE51581A1EB3BB2C00EC523E /* UIntTests.json in Resources */,
				AE51580F1EB3BB2C00EC523E /* Int32Tests.json in Resources */,
				AE51580D1EB3BB2C00EC523E /* FloatTests.json in Resources */,
				AE5158151EB3BB2C00EC523E /* StringTests.json in Resources */,
				AE51581B1EB3BB2C00EC523E /* URLTests.json in Resources */,
				AE51580A1EB3BB2C00EC523E /* DictionaryTests.json in Resources */,
				AE5158081EB3BB2C00EC523E /* CharacterTests.json in Resources */,
				AE5158101EB3BB2C00EC523E /* Int64Tests.json in Resources */,
				AE51580B1EB3BB2C00EC523E /* DoubleTests.json in Resources */,
				AE5158141EB3BB2C00EC523E /* SetTests.json in Resources */,
				AE5158061EB3BB2C00EC523E /* ArrayTests.json in Resources */,
				AE5158161EB3BB2C00EC523E /* UInt16Tests.json in Resources */,
				AE5158121EB3BB2C00EC523E /* IntTests.json in Resources */,
				AE5158181EB3BB2C00EC523E /* UInt64Tests.json in Resources */,
				AE5158131EB3BB2C00EC523E /* ObjectTests.json in Resources */,
				AE5158191EB3BB2C00EC523E /* UInt8Tests.json in Resources */,
				AE5158071EB3BB2C00EC523E /* BoolTests.json in Resources */,
				AE5158111EB3BB2C00EC523E /* Int8Tests.json in Resources */,
				AE5158091EB3BB2C00EC523E /* DateTests.json in Resources */,
				AE51580E1EB3BB2C00EC523E /* Int16Tests.json in Resources */,
				AE51580C1EB3BB2C00EC523E /* EnumTests.json in Resources */,
			);
			runOnlyForDeploymentPostprocessing = 0;
		};
/* End PBXResourcesBuildPhase section */

/* Begin PBXShellScriptBuildPhase section */
		AE5158581EB3C07100EC523E /* Copy Resources */ = {
			isa = PBXShellScriptBuildPhase;
			buildActionMask = 2147483647;
			files = (
			);
			inputPaths = (
			);
			name = "Copy Resources";
			outputPaths = (
			);
			runOnlyForDeploymentPostprocessing = 0;
			shellPath = /bin/sh;
			shellScript = "# rsync -arv ${SRCROOT}/${PRODUCT_NAME}/Resources/ ${CONFIGURATION_BUILD_DIR}/${UNLOCALIZED_RESOURCES_FOLDER_PATH}/";
		};
/* End PBXShellScriptBuildPhase section */

/* Begin PBXSourcesBuildPhase section */
		AFBED24A1C7E1AAB00622331 /* Sources */ = {
			isa = PBXSourcesBuildPhase;
			buildActionMask = 2147483647;
			files = (
				AE5158761EB3CE3B00EC523E /* IndexExtractable+Enum.swift in Sources */,
				AE5158841EB3CEC700EC523E /* ValueWithContext.swift in Sources */,
				AE5158B11EB3CF9C00EC523E /* Array+Value.swift in Sources */,
				AE5158BA1EB3CF9C00EC523E /* URL+Value.swift in Sources */,
				AE51589B1EB3CF3900EC523E /* IndexSerializable.swift in Sources */,
				AE5158A41EB3CF6B00EC523E /* Dictionary.swift in Sources */,
				AE5158B51EB3CF9C00EC523E /* Float+Value.swift in Sources */,
				AE5158781EB3CE3B00EC523E /* IndexExtractable+ValueWithContext.swift in Sources */,
				AE51586A1EB3CE0C00EC523E /* Extractable+ValueWithContext.swift in Sources */,
				AE5158691EB3CE0C00EC523E /* Extractable+Value.swift in Sources */,
				AE5158C11EB3CFD800EC523E /* Set+ValueWithContext.swift in Sources */,
				AE5158731EB3CE3B00EC523E /* Array+IndexExtractable.swift in Sources */,
				AE51588F1EB3CEFC00EC523E /* SerializableWithContext.swift in Sources */,
				AE5158661EB3CE0C00EC523E /* Dictionary+Extractable.swift in Sources */,
				AE5158991EB3CF3900EC523E /* IndexDeserializable.swift in Sources */,
				AE51587F1EB3CE7D00EC523E /* JSONSerializable.swift in Sources */,
				AE5158BF1EB3CFD800EC523E /* Array+ValueWithContext.swift in Sources */,
				AE51587D1EB3CE7D00EC523E /* JSON.swift in Sources */,
				AE5158681EB3CE0C00EC523E /* Extractable+Enum.swift in Sources */,
				AE5158751EB3CE3B00EC523E /* IndexExtractable.swift in Sources */,
				AE5158B41EB3CF9C00EC523E /* Dictionary+Value.swift in Sources */,
				AE51588E1EB3CEFC00EC523E /* Serializable.swift in Sources */,
				AE51586B1EB3CE0C00EC523E /* Key.swift in Sources */,
				AE5158A31EB3CF6B00EC523E /* Array.swift in Sources */,
				AE51585E1EB3CDDA00EC523E /* OutlawError.swift in Sources */,
				AE5158B21EB3CF9C00EC523E /* Bool+Value.swift in Sources */,
				AE51589A1EB3CF3900EC523E /* IndexDeserializableWithContext.swift in Sources */,
				AE5158B71EB3CF9C00EC523E /* Set+Value.swift in Sources */,
				AE51589D1EB3CF3900EC523E /* IndexUpdatable.swift in Sources */,
				AE5158A51EB3CF6B00EC523E /* Set.swift in Sources */,
				AE5158B31EB3CF9C00EC523E /* Date+Value.swift in Sources */,
				AE5158C01EB3CFD800EC523E /* Dictionary+ValueWithContext.swift in Sources */,
				AE5158911EB3CEFC00EC523E /* UpdatableWithContext.swift in Sources */,
				AE5158901EB3CEFC00EC523E /* Updatable.swift in Sources */,
				AE51587E1EB3CE7D00EC523E /* JSONCollection.swift in Sources */,
				AE5158B81EB3CF9C00EC523E /* String+Value.swift in Sources */,
				AE51588D1EB3CEFC00EC523E /* DeserializableWithContext.swift in Sources */,
				AE5158831EB3CEC700EC523E /* Value.swift in Sources */,
				AE5158671EB3CE0C00EC523E /* Extractable.swift in Sources */,
				AE51589C1EB3CF3900EC523E /* IndexSerializableWithContext.swift in Sources */,
				AE5158771EB3CE3B00EC523E /* IndexExtractable+Value.swift in Sources */,
				AE5158741EB3CE3B00EC523E /* Index.swift in Sources */,
				AE5158B91EB3CF9C00EC523E /* UInt+Value.swift in Sources */,
				AE51588C1EB3CEFC00EC523E /* Deserializable.swift in Sources */,
				AE51585B1EB3CDA700EC523E /* Dictionary+map.swift in Sources */,
				AE51589E1EB3CF3900EC523E /* IndexUpdatableWithContext.swift in Sources */,
				AE5158B61EB3CF9C00EC523E /* Int+Value.swift in Sources */,
			);
			runOnlyForDeploymentPostprocessing = 0;
		};
		AFBED2551C7E1AAB00622331 /* Sources */ = {
			isa = PBXSourcesBuildPhase;
			buildActionMask = 2147483647;
			files = (
				AE5158551EB3BB5C00EC523E /* UpdatableWithContextTests.swift in Sources */,
				AE51584E1EB3BB5C00EC523E /* TypesForTests.swift in Sources */,
				AE51583A1EB3BB5300EC523E /* IntTests.swift in Sources */,
				AE5158501EB3BB5C00EC523E /* UInt16Tests.swift in Sources */,
				AE5158531EB3BB5C00EC523E /* UIntTests.swift in Sources */,
				AE5158521EB3BB5C00EC523E /* UInt64Tests.swift in Sources */,
				AE5158261EB3BB4700EC523E /* ArrayTests.swift in Sources */,
				AE51584B1EB3BB5C00EC523E /* SerializableWithContextTests.swift in Sources */,
				AE5158281EB3BB4700EC523E /* CharacterTests.swift in Sources */,
				AE5158561EB3BB5C00EC523E /* URLTests.swift in Sources */,
				AE51582D1EB3BB4800EC523E /* DoubleTests.swift in Sources */,
				AE51582C1EB3BB4800EC523E /* DictionaryTests.swift in Sources */,
				AE51584D1EB3BB5C00EC523E /* StringTests.swift in Sources */,
				AE5158371EB3BB5300EC523E /* Int16Tests.swift in Sources */,
				AE51582F1EB3BB4800EC523E /* FloatTests.swift in Sources */,
				AE51584A1EB3BB5C00EC523E /* SerializableTests.swift in Sources */,
				AE51583B1EB3BB5300EC523E /* OutlawTestCase.swift in Sources */,
				AE51582E1EB3BB4800EC523E /* EnumTests.swift in Sources */,
				AE51582A1EB3BB4800EC523E /* DeserializableTests.swift in Sources */,
				AE5158271EB3BB4700EC523E /* BoolTests.swift in Sources */,
				AE5158291EB3BB4800EC523E /* DateTests.swift in Sources */,
				AE51584F1EB3BB5C00EC523E /* UInt8Tests.swift in Sources */,
				AE51584C1EB3BB5C00EC523E /* SetTests.swift in Sources */,
				AE5158361EB3BB5300EC523E /* Int8Tests.swift in Sources */,
				AE5158511EB3BB5C00EC523E /* UInt32Tests.swift in Sources */,
				AE5158541EB3BB5C00EC523E /* UpdatableTests.swift in Sources */,
				AE5158381EB3BB5300EC523E /* Int32Tests.swift in Sources */,
				AE51582B1EB3BB4800EC523E /* DeserializableWithContextTests.swift in Sources */,
				AE5158391EB3BB5300EC523E /* Int64Tests.swift in Sources */,
				AE5158571EB3BB5C00EC523E /* ValueWithContextTests.swift in Sources */,
			);
			runOnlyForDeploymentPostprocessing = 0;
		};
/* End PBXSourcesBuildPhase section */

/* Begin PBXTargetDependency section */
		AFBED25C1C7E1AAB00622331 /* PBXTargetDependency */ = {
			isa = PBXTargetDependency;
			target = AFBED24E1C7E1AAB00622331 /* Outlaw */;
			targetProxy = AFBED25B1C7E1AAB00622331 /* PBXContainerItemProxy */;
		};
/* End PBXTargetDependency section */

/* Begin XCBuildConfiguration section */
		AFBED2611C7E1AAB00622331 /* Debug */ = {
			isa = XCBuildConfiguration;
			buildSettings = {
				ALWAYS_SEARCH_USER_PATHS = NO;
				CLANG_CXX_LANGUAGE_STANDARD = "gnu++0x";
				CLANG_CXX_LIBRARY = "libc++";
				CLANG_ENABLE_MODULES = YES;
				CLANG_ENABLE_OBJC_ARC = YES;
				CLANG_WARN_BLOCK_CAPTURE_AUTORELEASING = YES;
				CLANG_WARN_BOOL_CONVERSION = YES;
				CLANG_WARN_COMMA = YES;
				CLANG_WARN_CONSTANT_CONVERSION = YES;
				CLANG_WARN_DIRECT_OBJC_ISA_USAGE = YES_ERROR;
				CLANG_WARN_EMPTY_BODY = YES;
				CLANG_WARN_ENUM_CONVERSION = YES;
				CLANG_WARN_INFINITE_RECURSION = YES;
				CLANG_WARN_INT_CONVERSION = YES;
				CLANG_WARN_NON_LITERAL_NULL_CONVERSION = YES;
				CLANG_WARN_OBJC_LITERAL_CONVERSION = YES;
				CLANG_WARN_OBJC_ROOT_CLASS = YES_ERROR;
				CLANG_WARN_RANGE_LOOP_ANALYSIS = YES;
				CLANG_WARN_STRICT_PROTOTYPES = YES;
				CLANG_WARN_SUSPICIOUS_MOVE = YES;
				CLANG_WARN_UNREACHABLE_CODE = YES;
				CLANG_WARN__DUPLICATE_METHOD_MATCH = YES;
				"CODE_SIGN_IDENTITY[sdk=iphoneos*]" = "iPhone Developer";
				COPY_PHASE_STRIP = NO;
				CURRENT_PROJECT_VERSION = 1;
				DEBUG_INFORMATION_FORMAT = dwarf;
				ENABLE_STRICT_OBJC_MSGSEND = YES;
				ENABLE_TESTABILITY = YES;
				GCC_C_LANGUAGE_STANDARD = gnu99;
				GCC_DYNAMIC_NO_PIC = NO;
				GCC_NO_COMMON_BLOCKS = YES;
				GCC_OPTIMIZATION_LEVEL = 0;
				GCC_PREPROCESSOR_DEFINITIONS = (
					"DEBUG=1",
					"$(inherited)",
				);
				GCC_WARN_64_TO_32_BIT_CONVERSION = YES;
				GCC_WARN_ABOUT_RETURN_TYPE = YES_ERROR;
				GCC_WARN_UNDECLARED_SELECTOR = YES;
				GCC_WARN_UNINITIALIZED_AUTOS = YES_AGGRESSIVE;
				GCC_WARN_UNUSED_FUNCTION = YES;
				GCC_WARN_UNUSED_VARIABLE = YES;
				IPHONEOS_DEPLOYMENT_TARGET = 8.0;
				MACOSX_DEPLOYMENT_TARGET = 10.9;
				MTL_ENABLE_DEBUG_INFO = YES;
				ONLY_ACTIVE_ARCH = YES;
				SUPPORTED_PLATFORMS = "iphonesimulator iphoneos macosx appletvsimulator appletvos watchsimulator watchos";
				SWIFT_OPTIMIZATION_LEVEL = "-Onone";
				TARGETED_DEVICE_FAMILY = "1,2,3,4";
				TVOS_DEPLOYMENT_TARGET = 9.0;
				VALID_ARCHS = "arm64 armv7 armv7s x86_64 i386 armv7k";
				VERSIONING_SYSTEM = "apple-generic";
				VERSION_INFO_PREFIX = "";
				WATCHOS_DEPLOYMENT_TARGET = 2.0;
			};
			name = Debug;
		};
		AFBED2621C7E1AAB00622331 /* Release */ = {
			isa = XCBuildConfiguration;
			buildSettings = {
				ALWAYS_SEARCH_USER_PATHS = NO;
				CLANG_CXX_LANGUAGE_STANDARD = "gnu++0x";
				CLANG_CXX_LIBRARY = "libc++";
				CLANG_ENABLE_MODULES = YES;
				CLANG_ENABLE_OBJC_ARC = YES;
				CLANG_WARN_BLOCK_CAPTURE_AUTORELEASING = YES;
				CLANG_WARN_BOOL_CONVERSION = YES;
				CLANG_WARN_COMMA = YES;
				CLANG_WARN_CONSTANT_CONVERSION = YES;
				CLANG_WARN_DIRECT_OBJC_ISA_USAGE = YES_ERROR;
				CLANG_WARN_EMPTY_BODY = YES;
				CLANG_WARN_ENUM_CONVERSION = YES;
				CLANG_WARN_INFINITE_RECURSION = YES;
				CLANG_WARN_INT_CONVERSION = YES;
				CLANG_WARN_NON_LITERAL_NULL_CONVERSION = YES;
				CLANG_WARN_OBJC_LITERAL_CONVERSION = YES;
				CLANG_WARN_OBJC_ROOT_CLASS = YES_ERROR;
				CLANG_WARN_RANGE_LOOP_ANALYSIS = YES;
				CLANG_WARN_STRICT_PROTOTYPES = YES;
				CLANG_WARN_SUSPICIOUS_MOVE = YES;
				CLANG_WARN_UNREACHABLE_CODE = YES;
				CLANG_WARN__DUPLICATE_METHOD_MATCH = YES;
				"CODE_SIGN_IDENTITY[sdk=iphoneos*]" = "iPhone Developer";
				COPY_PHASE_STRIP = NO;
				CURRENT_PROJECT_VERSION = 1;
				DEBUG_INFORMATION_FORMAT = "dwarf-with-dsym";
				ENABLE_NS_ASSERTIONS = NO;
				ENABLE_STRICT_OBJC_MSGSEND = YES;
				GCC_C_LANGUAGE_STANDARD = gnu99;
				GCC_NO_COMMON_BLOCKS = YES;
				GCC_WARN_64_TO_32_BIT_CONVERSION = YES;
				GCC_WARN_ABOUT_RETURN_TYPE = YES_ERROR;
				GCC_WARN_UNDECLARED_SELECTOR = YES;
				GCC_WARN_UNINITIALIZED_AUTOS = YES_AGGRESSIVE;
				GCC_WARN_UNUSED_FUNCTION = YES;
				GCC_WARN_UNUSED_VARIABLE = YES;
				IPHONEOS_DEPLOYMENT_TARGET = 8.0;
				MACOSX_DEPLOYMENT_TARGET = 10.9;
				MTL_ENABLE_DEBUG_INFO = NO;
				SUPPORTED_PLATFORMS = "iphonesimulator iphoneos macosx appletvsimulator appletvos watchsimulator watchos";
				TARGETED_DEVICE_FAMILY = "1,2,3,4";
				TVOS_DEPLOYMENT_TARGET = 9.0;
				VALIDATE_PRODUCT = YES;
				VALID_ARCHS = "arm64 armv7 armv7s x86_64 i386 armv7k";
				VERSIONING_SYSTEM = "apple-generic";
				VERSION_INFO_PREFIX = "";
				WATCHOS_DEPLOYMENT_TARGET = 2.0;
			};
			name = Release;
		};
		AFBED2641C7E1AAB00622331 /* Debug */ = {
			isa = XCBuildConfiguration;
			buildSettings = {
				APPLICATION_EXTENSION_API_ONLY = YES;
				CLANG_ENABLE_MODULES = YES;
				COMBINE_HIDPI_IMAGES = YES;
				DEFINES_MODULE = YES;
				DYLIB_COMPATIBILITY_VERSION = 1;
				DYLIB_CURRENT_VERSION = 1;
				DYLIB_INSTALL_NAME_BASE = "@rpath";
				INFOPLIST_FILE = Outlaw/Info.plist;
				INSTALL_PATH = "$(LOCAL_LIBRARY_DIR)/Frameworks";
				LD_RUNPATH_SEARCH_PATHS = "$(inherited) @executable_path/Frameworks @loader_path/Frameworks";
				PRODUCT_BUNDLE_IDENTIFIER = com.molbie.Outlaw;
				PRODUCT_NAME = "$(TARGET_NAME)";
				SKIP_INSTALL = YES;
				SWIFT_VERSION = 4.0;
			};
			name = Debug;
		};
		AFBED2651C7E1AAB00622331 /* Release */ = {
			isa = XCBuildConfiguration;
			buildSettings = {
				APPLICATION_EXTENSION_API_ONLY = YES;
				CLANG_ENABLE_MODULES = YES;
				COMBINE_HIDPI_IMAGES = YES;
				DEFINES_MODULE = YES;
				DYLIB_COMPATIBILITY_VERSION = 1;
				DYLIB_CURRENT_VERSION = 1;
				DYLIB_INSTALL_NAME_BASE = "@rpath";
				INFOPLIST_FILE = Outlaw/Info.plist;
				INSTALL_PATH = "$(LOCAL_LIBRARY_DIR)/Frameworks";
				LD_RUNPATH_SEARCH_PATHS = "$(inherited) @executable_path/Frameworks @loader_path/Frameworks";
				PRODUCT_BUNDLE_IDENTIFIER = com.molbie.Outlaw;
				PRODUCT_NAME = "$(TARGET_NAME)";
				SKIP_INSTALL = YES;
				SWIFT_OPTIMIZATION_LEVEL = "-Owholemodule";
				SWIFT_VERSION = 4.0;
			};
			name = Release;
		};
		AFBED2671C7E1AAB00622331 /* Debug */ = {
			isa = XCBuildConfiguration;
			buildSettings = {
				ALWAYS_EMBED_SWIFT_STANDARD_LIBRARIES = YES;
				CLANG_ENABLE_MODULES = YES;
				COMBINE_HIDPI_IMAGES = YES;
				INFOPLIST_FILE = OutlawTests/Info.plist;
				LD_RUNPATH_SEARCH_PATHS = "$(inherited) @executable_path/Frameworks @loader_path/Frameworks @executable_path/../Frameworks @loader_path/../Frameworks";
				PRODUCT_BUNDLE_IDENTIFIER = com.molbie.OutlawTests;
				PRODUCT_NAME = "$(TARGET_NAME)";
				SWIFT_OPTIMIZATION_LEVEL = "-Onone";
				SWIFT_SWIFT3_OBJC_INFERENCE = On;
				SWIFT_VERSION = 4.0;
			};
			name = Debug;
		};
		AFBED2681C7E1AAB00622331 /* Release */ = {
			isa = XCBuildConfiguration;
			buildSettings = {
				ALWAYS_EMBED_SWIFT_STANDARD_LIBRARIES = YES;
				CLANG_ENABLE_MODULES = YES;
				COMBINE_HIDPI_IMAGES = YES;
				INFOPLIST_FILE = OutlawTests/Info.plist;
				LD_RUNPATH_SEARCH_PATHS = "$(inherited) @executable_path/Frameworks @loader_path/Frameworks @executable_path/../Frameworks @loader_path/../Frameworks";
				PRODUCT_BUNDLE_IDENTIFIER = com.molbie.OutlawTests;
				PRODUCT_NAME = "$(TARGET_NAME)";
				SWIFT_OPTIMIZATION_LEVEL = "-Owholemodule";
				SWIFT_SWIFT3_OBJC_INFERENCE = On;
				SWIFT_VERSION = 4.0;
			};
			name = Release;
		};
/* End XCBuildConfiguration section */

/* Begin XCConfigurationList section */
		AFBED2491C7E1AAB00622331 /* Build configuration list for PBXProject "Outlaw" */ = {
			isa = XCConfigurationList;
			buildConfigurations = (
				AFBED2611C7E1AAB00622331 /* Debug */,
				AFBED2621C7E1AAB00622331 /* Release */,
			);
			defaultConfigurationIsVisible = 0;
			defaultConfigurationName = Release;
		};
		AFBED2631C7E1AAB00622331 /* Build configuration list for PBXNativeTarget "Outlaw" */ = {
			isa = XCConfigurationList;
			buildConfigurations = (
				AFBED2641C7E1AAB00622331 /* Debug */,
				AFBED2651C7E1AAB00622331 /* Release */,
			);
			defaultConfigurationIsVisible = 0;
			defaultConfigurationName = Release;
		};
		AFBED2661C7E1AAB00622331 /* Build configuration list for PBXNativeTarget "OutlawTests" */ = {
			isa = XCConfigurationList;
			buildConfigurations = (
				AFBED2671C7E1AAB00622331 /* Debug */,
				AFBED2681C7E1AAB00622331 /* Release */,
			);
			defaultConfigurationIsVisible = 0;
			defaultConfigurationName = Release;
		};
/* End XCConfigurationList section */
	};
	rootObject = AFBED2461C7E1AAB00622331 /* Project object */;
}
